// !$*UTF8*$!
{
	archiveVersion = 1;
	classes = {
	};
	objectVersion = 46;
	objects = {

/* Begin PBXBuildFile section */
		027FD319F1B630E5611D1CA4 /* Pods_iotapp.framework in Frameworks */ = {isa = PBXBuildFile; fileRef = 7650C7F786AAD5FBCFBA8432 /* Pods_iotapp.framework */; };
		972110231D6AC09D009B8941 /* ControllerClientBuilder.m in Sources */ = {isa = PBXBuildFile; fileRef = 972110221D6AC09D009B8941 /* ControllerClientBuilder.m */; };
		972110261D6AC36A009B8941 /* LocalModeProtocol.m in Sources */ = {isa = PBXBuildFile; fileRef = 972110251D6AC36A009B8941 /* LocalModeProtocol.m */; };
		972110291D6AD174009B8941 /* LocalSession.m in Sources */ = {isa = PBXBuildFile; fileRef = 972110281D6AD174009B8941 /* LocalSession.m */; };
		9721102D1D6B568A009B8941 /* ControllerClient.m in Sources */ = {isa = PBXBuildFile; fileRef = 9721102C1D6B568A009B8941 /* ControllerClient.m */; };
		97A5F2291D669C9800AB64DC /* main.m in Sources */ = {isa = PBXBuildFile; fileRef = 97A5F2281D669C9800AB64DC /* main.m */; };
		97A5F22C1D669C9800AB64DC /* AppDelegate.m in Sources */ = {isa = PBXBuildFile; fileRef = 97A5F22B1D669C9800AB64DC /* AppDelegate.m */; };
		97A5F22F1D669C9900AB64DC /* ViewController.m in Sources */ = {isa = PBXBuildFile; fileRef = 97A5F22E1D669C9900AB64DC /* ViewController.m */; };
		97A5F2321D669C9900AB64DC /* Main.storyboard in Resources */ = {isa = PBXBuildFile; fileRef = 97A5F2301D669C9900AB64DC /* Main.storyboard */; };
		97A5F2351D669C9900AB64DC /* iotapp.xcdatamodeld in Sources */ = {isa = PBXBuildFile; fileRef = 97A5F2331D669C9900AB64DC /* iotapp.xcdatamodeld */; };
		97A5F2371D669C9900AB64DC /* Assets.xcassets in Resources */ = {isa = PBXBuildFile; fileRef = 97A5F2361D669C9900AB64DC /* Assets.xcassets */; };
		97A5F23A1D669C9900AB64DC /* LaunchScreen.storyboard in Resources */ = {isa = PBXBuildFile; fileRef = 97A5F2381D669C9900AB64DC /* LaunchScreen.storyboard */; };
		97A5F2471D66CD9500AB64DC /* OpenRESTfulClient.m in Sources */ = {isa = PBXBuildFile; fileRef = 97A5F2461D66CD9500AB64DC /* OpenRESTfulClient.m */; };
		97A5F2571D66CDB400AB64DC /* IId.m in Sources */ = {isa = PBXBuildFile; fileRef = 97A5F24A1D66CDB400AB64DC /* IId.m */; };
		97A5F2581D66CDB400AB64DC /* IDevice.m in Sources */ = {isa = PBXBuildFile; fileRef = 97A5F24C1D66CDB400AB64DC /* IDevice.m */; };
		97A5F2591D66CDB400AB64DC /* ISensor.m in Sources */ = {isa = PBXBuildFile; fileRef = 97A5F24E1D66CDB400AB64DC /* ISensor.m */; };
		97A5F25A1D66CDB400AB64DC /* IAttribute.m in Sources */ = {isa = PBXBuildFile; fileRef = 97A5F2501D66CDB400AB64DC /* IAttribute.m */; };
		97A5F25B1D66CDB400AB64DC /* IRawdata.m in Sources */ = {isa = PBXBuildFile; fileRef = 97A5F2521D66CDB400AB64DC /* IRawdata.m */; };
		97A5F25C1D66CDB400AB64DC /* IProvision.m in Sources */ = {isa = PBXBuildFile; fileRef = 97A5F2541D66CDB400AB64DC /* IProvision.m */; };
		97A5F25D1D66CDB400AB64DC /* IMessage.m in Sources */ = {isa = PBXBuildFile; fileRef = 97A5F2561D66CDB400AB64DC /* IMessage.m */; };
		97A5F2621D66CDCB00AB64DC /* device.png in Resources */ = {isa = PBXBuildFile; fileRef = 97A5F25F1D66CDCB00AB64DC /* device.png */; };
		97A5F2631D66CDCB00AB64DC /* loading.png in Resources */ = {isa = PBXBuildFile; fileRef = 97A5F2601D66CDCB00AB64DC /* loading.png */; };
		97A5F2641D66CDCB00AB64DC /* iot-launch.jpg in Resources */ = {isa = PBXBuildFile; fileRef = 97A5F2611D66CDCB00AB64DC /* iot-launch.jpg */; };
		97A5F2671D66F01300AB64DC /* ConfigureProjectViewController.m in Sources */ = {isa = PBXBuildFile; fileRef = 97A5F2661D66F01300AB64DC /* ConfigureProjectViewController.m */; };
		97C2E9D31D6C0E22007143AF /* LocalIntroduce.m in Sources */ = {isa = PBXBuildFile; fileRef = 97C2E9D21D6C0E22007143AF /* LocalIntroduce.m */; };
		97F526841D7915FB000A0CAB /* OpenMqttClient.m in Sources */ = {isa = PBXBuildFile; fileRef = 97F526831D7915FB000A0CAB /* OpenMqttClient.m */; };
		97F526871D7952D1000A0CAB /* IHeartbeat.m in Sources */ = {isa = PBXBuildFile; fileRef = 97F526861D7952D1000A0CAB /* IHeartbeat.m */; };
		97FD57EB1D6E7782009DC65B /* DeviceTableViewCell.m in Sources */ = {isa = PBXBuildFile; fileRef = 97FD57EA1D6E7782009DC65B /* DeviceTableViewCell.m */; };
/* End PBXBuildFile section */

/* Begin PBXFileReference section */
		2E336FA114B1E4D1CD77A9DD /* Pods-iotapp.release.xcconfig */ = {isa = PBXFileReference; includeInIndex = 1; lastKnownFileType = text.xcconfig; name = "Pods-iotapp.release.xcconfig"; path = "Pods/Target Support Files/Pods-iotapp/Pods-iotapp.release.xcconfig"; sourceTree = "<group>"; };
		7650C7F786AAD5FBCFBA8432 /* Pods_iotapp.framework */ = {isa = PBXFileReference; explicitFileType = wrapper.framework; includeInIndex = 0; path = Pods_iotapp.framework; sourceTree = BUILT_PRODUCTS_DIR; };
		972110211D6AC09D009B8941 /* ControllerClientBuilder.h */ = {isa = PBXFileReference; fileEncoding = 4; lastKnownFileType = sourcecode.c.h; path = ControllerClientBuilder.h; sourceTree = "<group>"; };
		972110221D6AC09D009B8941 /* ControllerClientBuilder.m */ = {isa = PBXFileReference; fileEncoding = 4; lastKnownFileType = sourcecode.c.objc; path = ControllerClientBuilder.m; sourceTree = "<group>"; };
		972110241D6AC36A009B8941 /* LocalModeProtocol.h */ = {isa = PBXFileReference; fileEncoding = 4; lastKnownFileType = sourcecode.c.h; path = LocalModeProtocol.h; sourceTree = "<group>"; };
		972110251D6AC36A009B8941 /* LocalModeProtocol.m */ = {isa = PBXFileReference; fileEncoding = 4; lastKnownFileType = sourcecode.c.objc; path = LocalModeProtocol.m; sourceTree = "<group>"; };
		972110271D6AD174009B8941 /* LocalSession.h */ = {isa = PBXFileReference; fileEncoding = 4; lastKnownFileType = sourcecode.c.h; path = LocalSession.h; sourceTree = "<group>"; };
		972110281D6AD174009B8941 /* LocalSession.m */ = {isa = PBXFileReference; fileEncoding = 4; lastKnownFileType = sourcecode.c.objc; path = LocalSession.m; sourceTree = "<group>"; };
		9721102B1D6B568A009B8941 /* ControllerClient.h */ = {isa = PBXFileReference; fileEncoding = 4; lastKnownFileType = sourcecode.c.h; path = ControllerClient.h; sourceTree = "<group>"; };
		9721102C1D6B568A009B8941 /* ControllerClient.m */ = {isa = PBXFileReference; fileEncoding = 4; lastKnownFileType = sourcecode.c.objc; path = ControllerClient.m; sourceTree = "<group>"; };
		97A5F2241D669C9800AB64DC /* iotapp.app */ = {isa = PBXFileReference; explicitFileType = wrapper.application; includeInIndex = 0; path = iotapp.app; sourceTree = BUILT_PRODUCTS_DIR; };
		97A5F2281D669C9800AB64DC /* main.m */ = {isa = PBXFileReference; lastKnownFileType = sourcecode.c.objc; path = main.m; sourceTree = "<group>"; };
		97A5F22A1D669C9800AB64DC /* AppDelegate.h */ = {isa = PBXFileReference; lastKnownFileType = sourcecode.c.h; path = AppDelegate.h; sourceTree = "<group>"; };
		97A5F22B1D669C9800AB64DC /* AppDelegate.m */ = {isa = PBXFileReference; lastKnownFileType = sourcecode.c.objc; path = AppDelegate.m; sourceTree = "<group>"; };
		97A5F22D1D669C9800AB64DC /* ViewController.h */ = {isa = PBXFileReference; lastKnownFileType = sourcecode.c.h; path = ViewController.h; sourceTree = "<group>"; };
		97A5F22E1D669C9900AB64DC /* ViewController.m */ = {isa = PBXFileReference; lastKnownFileType = sourcecode.c.objc; path = ViewController.m; sourceTree = "<group>"; };
		97A5F2311D669C9900AB64DC /* Base */ = {isa = PBXFileReference; lastKnownFileType = file.storyboard; name = Base; path = Base.lproj/Main.storyboard; sourceTree = "<group>"; };
		97A5F2341D669C9900AB64DC /* iotapp.xcdatamodel */ = {isa = PBXFileReference; lastKnownFileType = wrapper.xcdatamodel; path = iotapp.xcdatamodel; sourceTree = "<group>"; };
		97A5F2361D669C9900AB64DC /* Assets.xcassets */ = {isa = PBXFileReference; lastKnownFileType = folder.assetcatalog; path = Assets.xcassets; sourceTree = "<group>"; };
		97A5F2391D669C9900AB64DC /* Base */ = {isa = PBXFileReference; lastKnownFileType = file.storyboard; name = Base; path = Base.lproj/LaunchScreen.storyboard; sourceTree = "<group>"; };
		97A5F23B1D669C9900AB64DC /* Info.plist */ = {isa = PBXFileReference; lastKnownFileType = text.plist.xml; path = Info.plist; sourceTree = "<group>"; };
		97A5F2451D66CD9500AB64DC /* OpenRESTfulClient.h */ = {isa = PBXFileReference; fileEncoding = 4; lastKnownFileType = sourcecode.c.h; path = OpenRESTfulClient.h; sourceTree = "<group>"; };
		97A5F2461D66CD9500AB64DC /* OpenRESTfulClient.m */ = {isa = PBXFileReference; fileEncoding = 4; lastKnownFileType = sourcecode.c.objc; path = OpenRESTfulClient.m; sourceTree = "<group>"; };
		97A5F2491D66CDB400AB64DC /* IId.h */ = {isa = PBXFileReference; fileEncoding = 4; lastKnownFileType = sourcecode.c.h; path = IId.h; sourceTree = "<group>"; };
		97A5F24A1D66CDB400AB64DC /* IId.m */ = {isa = PBXFileReference; fileEncoding = 4; lastKnownFileType = sourcecode.c.objc; path = IId.m; sourceTree = "<group>"; };
		97A5F24B1D66CDB400AB64DC /* IDevice.h */ = {isa = PBXFileReference; fileEncoding = 4; lastKnownFileType = sourcecode.c.h; path = IDevice.h; sourceTree = "<group>"; };
		97A5F24C1D66CDB400AB64DC /* IDevice.m */ = {isa = PBXFileReference; fileEncoding = 4; lastKnownFileType = sourcecode.c.objc; path = IDevice.m; sourceTree = "<group>"; };
		97A5F24D1D66CDB400AB64DC /* ISensor.h */ = {isa = PBXFileReference; fileEncoding = 4; lastKnownFileType = sourcecode.c.h; path = ISensor.h; sourceTree = "<group>"; };
		97A5F24E1D66CDB400AB64DC /* ISensor.m */ = {isa = PBXFileReference; fileEncoding = 4; lastKnownFileType = sourcecode.c.objc; path = ISensor.m; sourceTree = "<group>"; };
		97A5F24F1D66CDB400AB64DC /* IAttribute.h */ = {isa = PBXFileReference; fileEncoding = 4; lastKnownFileType = sourcecode.c.h; path = IAttribute.h; sourceTree = "<group>"; };
		97A5F2501D66CDB400AB64DC /* IAttribute.m */ = {isa = PBXFileReference; fileEncoding = 4; lastKnownFileType = sourcecode.c.objc; path = IAttribute.m; sourceTree = "<group>"; };
		97A5F2511D66CDB400AB64DC /* IRawdata.h */ = {isa = PBXFileReference; fileEncoding = 4; lastKnownFileType = sourcecode.c.h; path = IRawdata.h; sourceTree = "<group>"; };
		97A5F2521D66CDB400AB64DC /* IRawdata.m */ = {isa = PBXFileReference; fileEncoding = 4; lastKnownFileType = sourcecode.c.objc; path = IRawdata.m; sourceTree = "<group>"; };
		97A5F2531D66CDB400AB64DC /* IProvision.h */ = {isa = PBXFileReference; fileEncoding = 4; lastKnownFileType = sourcecode.c.h; path = IProvision.h; sourceTree = "<group>"; };
		97A5F2541D66CDB400AB64DC /* IProvision.m */ = {isa = PBXFileReference; fileEncoding = 4; lastKnownFileType = sourcecode.c.objc; path = IProvision.m; sourceTree = "<group>"; };
		97A5F2551D66CDB400AB64DC /* IMessage.h */ = {isa = PBXFileReference; fileEncoding = 4; lastKnownFileType = sourcecode.c.h; path = IMessage.h; sourceTree = "<group>"; };
		97A5F2561D66CDB400AB64DC /* IMessage.m */ = {isa = PBXFileReference; fileEncoding = 4; lastKnownFileType = sourcecode.c.objc; path = IMessage.m; sourceTree = "<group>"; };
		97A5F25F1D66CDCB00AB64DC /* device.png */ = {isa = PBXFileReference; lastKnownFileType = image.png; path = device.png; sourceTree = "<group>"; };
		97A5F2601D66CDCB00AB64DC /* loading.png */ = {isa = PBXFileReference; lastKnownFileType = image.png; path = loading.png; sourceTree = "<group>"; };
		97A5F2611D66CDCB00AB64DC /* iot-launch.jpg */ = {isa = PBXFileReference; lastKnownFileType = image.jpeg; path = "iot-launch.jpg"; sourceTree = "<group>"; };
		97A5F2651D66F01300AB64DC /* ConfigureProjectViewController.h */ = {isa = PBXFileReference; fileEncoding = 4; lastKnownFileType = sourcecode.c.h; path = ConfigureProjectViewController.h; sourceTree = "<group>"; };
		97A5F2661D66F01300AB64DC /* ConfigureProjectViewController.m */ = {isa = PBXFileReference; fileEncoding = 4; lastKnownFileType = sourcecode.c.objc; path = ConfigureProjectViewController.m; sourceTree = "<group>"; };
		97C2E9D11D6C0E22007143AF /* LocalIntroduce.h */ = {isa = PBXFileReference; fileEncoding = 4; lastKnownFileType = sourcecode.c.h; path = LocalIntroduce.h; sourceTree = "<group>"; };
		97C2E9D21D6C0E22007143AF /* LocalIntroduce.m */ = {isa = PBXFileReference; fileEncoding = 4; lastKnownFileType = sourcecode.c.objc; path = LocalIntroduce.m; sourceTree = "<group>"; };
		97F526821D7915FB000A0CAB /* OpenMqttClient.h */ = {isa = PBXFileReference; fileEncoding = 4; lastKnownFileType = sourcecode.c.h; path = OpenMqttClient.h; sourceTree = "<group>"; };
		97F526831D7915FB000A0CAB /* OpenMqttClient.m */ = {isa = PBXFileReference; fileEncoding = 4; lastKnownFileType = sourcecode.c.objc; path = OpenMqttClient.m; sourceTree = "<group>"; };
		97F526851D7952D1000A0CAB /* IHeartbeat.h */ = {isa = PBXFileReference; fileEncoding = 4; lastKnownFileType = sourcecode.c.h; path = IHeartbeat.h; sourceTree = "<group>"; };
		97F526861D7952D1000A0CAB /* IHeartbeat.m */ = {isa = PBXFileReference; fileEncoding = 4; lastKnownFileType = sourcecode.c.objc; path = IHeartbeat.m; sourceTree = "<group>"; };
		97FD57E91D6E7782009DC65B /* DeviceTableViewCell.h */ = {isa = PBXFileReference; fileEncoding = 4; lastKnownFileType = sourcecode.c.h; path = DeviceTableViewCell.h; sourceTree = "<group>"; };
		97FD57EA1D6E7782009DC65B /* DeviceTableViewCell.m */ = {isa = PBXFileReference; fileEncoding = 4; lastKnownFileType = sourcecode.c.objc; path = DeviceTableViewCell.m; sourceTree = "<group>"; };
		E51699B9BE22301862B9037C /* Pods-iotapp.debug.xcconfig */ = {isa = PBXFileReference; includeInIndex = 1; lastKnownFileType = text.xcconfig; name = "Pods-iotapp.debug.xcconfig"; path = "Pods/Target Support Files/Pods-iotapp/Pods-iotapp.debug.xcconfig"; sourceTree = "<group>"; };
/* End PBXFileReference section */

/* Begin PBXFrameworksBuildPhase section */
		97A5F2211D669C9800AB64DC /* Frameworks */ = {
			isa = PBXFrameworksBuildPhase;
			buildActionMask = 2147483647;
			files = (
				027FD319F1B630E5611D1CA4 /* Pods_iotapp.framework in Frameworks */,
			);
			runOnlyForDeploymentPostprocessing = 0;
		};
/* End PBXFrameworksBuildPhase section */

/* Begin PBXGroup section */
		9721102A1D6AD240009B8941 /* data */ = {
			isa = PBXGroup;
			children = (
				972110271D6AD174009B8941 /* LocalSession.h */,
				972110281D6AD174009B8941 /* LocalSession.m */,
				97C2E9D11D6C0E22007143AF /* LocalIntroduce.h */,
				97C2E9D21D6C0E22007143AF /* LocalIntroduce.m */,
			);
			name = data;
			sourceTree = "<group>";
		};
		97A5F21B1D669C9800AB64DC = {
			isa = PBXGroup;
			children = (
				97A5F2261D669C9800AB64DC /* iotapp */,
				97A5F2251D669C9800AB64DC /* Products */,
				CCEA072850815D3D012CE0AD /* Pods */,
				A78A9916E6965F138EC3C614 /* Frameworks */,
			);
			sourceTree = "<group>";
		};
		97A5F2251D669C9800AB64DC /* Products */ = {
			isa = PBXGroup;
			children = (
				97A5F2241D669C9800AB64DC /* iotapp.app */,
			);
			name = Products;
			sourceTree = "<group>";
		};
		97A5F2261D669C9800AB64DC /* iotapp */ = {
			isa = PBXGroup;
			children = (
				97A5F25E1D66CDBD00AB64DC /* images */,
				97A5F2441D66CD6900AB64DC /* CHTIoT */,
				97A5F22A1D669C9800AB64DC /* AppDelegate.h */,
				97A5F22B1D669C9800AB64DC /* AppDelegate.m */,
				97A5F22D1D669C9800AB64DC /* ViewController.h */,
				97A5F22E1D669C9900AB64DC /* ViewController.m */,
				97FD57E91D6E7782009DC65B /* DeviceTableViewCell.h */,
				97FD57EA1D6E7782009DC65B /* DeviceTableViewCell.m */,
				97A5F2651D66F01300AB64DC /* ConfigureProjectViewController.h */,
				97A5F2661D66F01300AB64DC /* ConfigureProjectViewController.m */,
				97A5F2301D669C9900AB64DC /* Main.storyboard */,
				97A5F2361D669C9900AB64DC /* Assets.xcassets */,
				97A5F2381D669C9900AB64DC /* LaunchScreen.storyboard */,
				97A5F23B1D669C9900AB64DC /* Info.plist */,
				97A5F2331D669C9900AB64DC /* iotapp.xcdatamodeld */,
				97A5F2271D669C9800AB64DC /* Supporting Files */,
			);
			path = iotapp;
			sourceTree = "<group>";
		};
		97A5F2271D669C9800AB64DC /* Supporting Files */ = {
			isa = PBXGroup;
			children = (
				97A5F2281D669C9800AB64DC /* main.m */,
			);
			name = "Supporting Files";
			sourceTree = "<group>";
		};
		97A5F2441D66CD6900AB64DC /* CHTIoT */ = {
			isa = PBXGroup;
			children = (
				9721102A1D6AD240009B8941 /* data */,
				97A5F2481D66CDA600AB64DC /* entity */,
				97A5F2451D66CD9500AB64DC /* OpenRESTfulClient.h */,
				97A5F2461D66CD9500AB64DC /* OpenRESTfulClient.m */,
				97F526821D7915FB000A0CAB /* OpenMqttClient.h */,
				97F526831D7915FB000A0CAB /* OpenMqttClient.m */,
				9721102B1D6B568A009B8941 /* ControllerClient.h */,
				9721102C1D6B568A009B8941 /* ControllerClient.m */,
				972110211D6AC09D009B8941 /* ControllerClientBuilder.h */,
				972110221D6AC09D009B8941 /* ControllerClientBuilder.m */,
				972110241D6AC36A009B8941 /* LocalModeProtocol.h */,
				972110251D6AC36A009B8941 /* LocalModeProtocol.m */,
			);
			name = CHTIoT;
			sourceTree = "<group>";
		};
		97A5F2481D66CDA600AB64DC /* entity */ = {
			isa = PBXGroup;
			children = (
				97A5F2491D66CDB400AB64DC /* IId.h */,
				97A5F24A1D66CDB400AB64DC /* IId.m */,
				97A5F24B1D66CDB400AB64DC /* IDevice.h */,
				97A5F24C1D66CDB400AB64DC /* IDevice.m */,
				97A5F24D1D66CDB400AB64DC /* ISensor.h */,
				97A5F24E1D66CDB400AB64DC /* ISensor.m */,
				97A5F24F1D66CDB400AB64DC /* IAttribute.h */,
				97A5F2501D66CDB400AB64DC /* IAttribute.m */,
				97A5F2511D66CDB400AB64DC /* IRawdata.h */,
				97A5F2521D66CDB400AB64DC /* IRawdata.m */,
				97A5F2531D66CDB400AB64DC /* IProvision.h */,
				97A5F2541D66CDB400AB64DC /* IProvision.m */,
				97A5F2551D66CDB400AB64DC /* IMessage.h */,
				97A5F2561D66CDB400AB64DC /* IMessage.m */,
				97F526851D7952D1000A0CAB /* IHeartbeat.h */,
				97F526861D7952D1000A0CAB /* IHeartbeat.m */,
			);
			name = entity;
			sourceTree = "<group>";
		};
		97A5F25E1D66CDBD00AB64DC /* images */ = {
			isa = PBXGroup;
			children = (
				97A5F25F1D66CDCB00AB64DC /* device.png */,
				97A5F2601D66CDCB00AB64DC /* loading.png */,
				97A5F2611D66CDCB00AB64DC /* iot-launch.jpg */,
			);
			name = images;
			sourceTree = "<group>";
		};
		A78A9916E6965F138EC3C614 /* Frameworks */ = {
			isa = PBXGroup;
			children = (
				7650C7F786AAD5FBCFBA8432 /* Pods_iotapp.framework */,
			);
			name = Frameworks;
			sourceTree = "<group>";
		};
		CCEA072850815D3D012CE0AD /* Pods */ = {
			isa = PBXGroup;
			children = (
				E51699B9BE22301862B9037C /* Pods-iotapp.debug.xcconfig */,
				2E336FA114B1E4D1CD77A9DD /* Pods-iotapp.release.xcconfig */,
			);
			name = Pods;
			sourceTree = "<group>";
		};
/* End PBXGroup section */

/* Begin PBXNativeTarget section */
		97A5F2231D669C9800AB64DC /* iotapp */ = {
			isa = PBXNativeTarget;
			buildConfigurationList = 97A5F23E1D669C9900AB64DC /* Build configuration list for PBXNativeTarget "iotapp" */;
			buildPhases = (
				45A260F05017305EAC9CE353 /* [CP] Check Pods Manifest.lock */,
				97A5F2201D669C9800AB64DC /* Sources */,
				97A5F2211D669C9800AB64DC /* Frameworks */,
				97A5F2221D669C9800AB64DC /* Resources */,
				48B77F59788217A7C0690FC8 /* [CP] Embed Pods Frameworks */,
				BDC687A9F1668D0C7FD515DF /* [CP] Copy Pods Resources */,
			);
			buildRules = (
			);
			dependencies = (
			);
			name = iotapp;
			productName = iotapp;
			productReference = 97A5F2241D669C9800AB64DC /* iotapp.app */;
			productType = "com.apple.product-type.application";
		};
/* End PBXNativeTarget section */

/* Begin PBXProject section */
		97A5F21C1D669C9800AB64DC /* Project object */ = {
			isa = PBXProject;
			attributes = {
				LastUpgradeCheck = 0730;
				ORGANIZATIONNAME = chttl;
				TargetAttributes = {
					97A5F2231D669C9800AB64DC = {
						CreatedOnToolsVersion = 7.3.1;
						DevelopmentTeam = EWE7DXCTHS;
					};
				};
			};
			buildConfigurationList = 97A5F21F1D669C9800AB64DC /* Build configuration list for PBXProject "iotapp" */;
			compatibilityVersion = "Xcode 3.2";
			developmentRegion = English;
			hasScannedForEncodings = 0;
			knownRegions = (
				en,
				Base,
			);
			mainGroup = 97A5F21B1D669C9800AB64DC;
			productRefGroup = 97A5F2251D669C9800AB64DC /* Products */;
			projectDirPath = "";
			projectRoot = "";
			targets = (
				97A5F2231D669C9800AB64DC /* iotapp */,
			);
		};
/* End PBXProject section */

/* Begin PBXResourcesBuildPhase section */
		97A5F2221D669C9800AB64DC /* Resources */ = {
			isa = PBXResourcesBuildPhase;
			buildActionMask = 2147483647;
			files = (
				97A5F2641D66CDCB00AB64DC /* iot-launch.jpg in Resources */,
				97A5F2631D66CDCB00AB64DC /* loading.png in Resources */,
				97A5F23A1D669C9900AB64DC /* LaunchScreen.storyboard in Resources */,
				97A5F2621D66CDCB00AB64DC /* device.png in Resources */,
				97A5F2371D669C9900AB64DC /* Assets.xcassets in Resources */,
				97A5F2321D669C9900AB64DC /* Main.storyboard in Resources */,
			);
			runOnlyForDeploymentPostprocessing = 0;
		};
/* End PBXResourcesBuildPhase section */

/* Begin PBXShellScriptBuildPhase section */
		45A260F05017305EAC9CE353 /* [CP] Check Pods Manifest.lock */ = {
			isa = PBXShellScriptBuildPhase;
			buildActionMask = 2147483647;
			files = (
			);
			inputPaths = (
			);
			name = "[CP] Check Pods Manifest.lock";
			outputPaths = (
			);
			runOnlyForDeploymentPostprocessing = 0;
			shellPath = /bin/sh;
			shellScript = "diff \"${PODS_ROOT}/../Podfile.lock\" \"${PODS_ROOT}/Manifest.lock\" > /dev/null\nif [[ $? != 0 ]] ; then\n    cat << EOM\nerror: The sandbox is not in sync with the Podfile.lock. Run 'pod install' or update your CocoaPods installation.\nEOM\n    exit 1\nfi\n";
			showEnvVarsInLog = 0;
		};
		48B77F59788217A7C0690FC8 /* [CP] Embed Pods Frameworks */ = {
			isa = PBXShellScriptBuildPhase;
			buildActionMask = 2147483647;
			files = (
			);
			inputPaths = (
			);
			name = "[CP] Embed Pods Frameworks";
			outputPaths = (
			);
			runOnlyForDeploymentPostprocessing = 0;
			shellPath = /bin/sh;
			shellScript = "\"${SRCROOT}/Pods/Target Support Files/Pods-iotapp/Pods-iotapp-frameworks.sh\"\n";
			showEnvVarsInLog = 0;
		};
		BDC687A9F1668D0C7FD515DF /* [CP] Copy Pods Resources */ = {
			isa = PBXShellScriptBuildPhase;
			buildActionMask = 2147483647;
			files = (
			);
			inputPaths = (
			);
			name = "[CP] Copy Pods Resources";
			outputPaths = (
			);
			runOnlyForDeploymentPostprocessing = 0;
			shellPath = /bin/sh;
			shellScript = "\"${SRCROOT}/Pods/Target Support Files/Pods-iotapp/Pods-iotapp-resources.sh\"\n";
			showEnvVarsInLog = 0;
		};
/* End PBXShellScriptBuildPhase section */

/* Begin PBXSourcesBuildPhase section */
		97A5F2201D669C9800AB64DC /* Sources */ = {
			isa = PBXSourcesBuildPhase;
			buildActionMask = 2147483647;
			files = (
				97A5F2571D66CDB400AB64DC /* IId.m in Sources */,
				97A5F2351D669C9900AB64DC /* iotapp.xcdatamodeld in Sources */,
				97F526871D7952D1000A0CAB /* IHeartbeat.m in Sources */,
				97A5F25B1D66CDB400AB64DC /* IRawdata.m in Sources */,
				97A5F22F1D669C9900AB64DC /* ViewController.m in Sources */,
				97A5F2471D66CD9500AB64DC /* OpenRESTfulClient.m in Sources */,
				97A5F22C1D669C9800AB64DC /* AppDelegate.m in Sources */,
				97A5F2581D66CDB400AB64DC /* IDevice.m in Sources */,
				97C2E9D31D6C0E22007143AF /* LocalIntroduce.m in Sources */,
				97A5F2291D669C9800AB64DC /* main.m in Sources */,
				972110291D6AD174009B8941 /* LocalSession.m in Sources */,
				97A5F2671D66F01300AB64DC /* ConfigureProjectViewController.m in Sources */,
				97A5F2591D66CDB400AB64DC /* ISensor.m in Sources */,
				97A5F25C1D66CDB400AB64DC /* IProvision.m in Sources */,
				97A5F25A1D66CDB400AB64DC /* IAttribute.m in Sources */,
				972110261D6AC36A009B8941 /* LocalModeProtocol.m in Sources */,
				972110231D6AC09D009B8941 /* ControllerClientBuilder.m in Sources */,
				9721102D1D6B568A009B8941 /* ControllerClient.m in Sources */,
				97FD57EB1D6E7782009DC65B /* DeviceTableViewCell.m in Sources */,
				97F526841D7915FB000A0CAB /* OpenMqttClient.m in Sources */,
				97A5F25D1D66CDB400AB64DC /* IMessage.m in Sources */,
			);
			runOnlyForDeploymentPostprocessing = 0;
		};
/* End PBXSourcesBuildPhase section */

/* Begin PBXVariantGroup section */
		97A5F2301D669C9900AB64DC /* Main.storyboard */ = {
			isa = PBXVariantGroup;
			children = (
				97A5F2311D669C9900AB64DC /* Base */,
			);
			name = Main.storyboard;
			sourceTree = "<group>";
		};
		97A5F2381D669C9900AB64DC /* LaunchScreen.storyboard */ = {
			isa = PBXVariantGroup;
			children = (
				97A5F2391D669C9900AB64DC /* Base */,
			);
			name = LaunchScreen.storyboard;
			sourceTree = "<group>";
		};
/* End PBXVariantGroup section */

/* Begin XCBuildConfiguration section */
		97A5F23C1D669C9900AB64DC /* Debug */ = {
			isa = XCBuildConfiguration;
			buildSettings = {
				ALWAYS_SEARCH_USER_PATHS = NO;
				CLANG_ANALYZER_NONNULL = YES;
				CLANG_CXX_LANGUAGE_STANDARD = "gnu++0x";
				CLANG_CXX_LIBRARY = "libc++";
				CLANG_ENABLE_MODULES = YES;
				CLANG_ENABLE_OBJC_ARC = YES;
				CLANG_WARN_BOOL_CONVERSION = YES;
				CLANG_WARN_CONSTANT_CONVERSION = YES;
				CLANG_WARN_DIRECT_OBJC_ISA_USAGE = YES_ERROR;
				CLANG_WARN_EMPTY_BODY = YES;
				CLANG_WARN_ENUM_CONVERSION = YES;
				CLANG_WARN_INT_CONVERSION = YES;
				CLANG_WARN_OBJC_ROOT_CLASS = YES_ERROR;
				CLANG_WARN_UNREACHABLE_CODE = YES;
				CLANG_WARN__DUPLICATE_METHOD_MATCH = YES;
				"CODE_SIGN_IDENTITY[sdk=iphoneos*]" = "iPhone Developer";
				COPY_PHASE_STRIP = NO;
				DEBUG_INFORMATION_FORMAT = dwarf;
				ENABLE_STRICT_OBJC_MSGSEND = YES;
				ENABLE_TESTABILITY = YES;
				GCC_C_LANGUAGE_STANDARD = gnu99;
				GCC_DYNAMIC_NO_PIC = NO;
				GCC_NO_COMMON_BLOCKS = YES;
				GCC_OPTIMIZATION_LEVEL = 0;
				GCC_PREPROCESSOR_DEFINITIONS = (
					"DEBUG=1",
					"$(inherited)",
				);
				GCC_WARN_64_TO_32_BIT_CONVERSION = YES;
				GCC_WARN_ABOUT_RETURN_TYPE = YES_ERROR;
				GCC_WARN_UNDECLARED_SELECTOR = YES;
				GCC_WARN_UNINITIALIZED_AUTOS = YES_AGGRESSIVE;
				GCC_WARN_UNUSED_FUNCTION = YES;
				GCC_WARN_UNUSED_VARIABLE = YES;
				IPHONEOS_DEPLOYMENT_TARGET = 9.3;
				MTL_ENABLE_DEBUG_INFO = YES;
				ONLY_ACTIVE_ARCH = YES;
				SDKROOT = iphoneos;
			};
			name = Debug;
		};
		97A5F23D1D669C9900AB64DC /* Release */ = {
			isa = XCBuildConfiguration;
			buildSettings = {
				ALWAYS_SEARCH_USER_PATHS = NO;
				CLANG_ANALYZER_NONNULL = YES;
				CLANG_CXX_LANGUAGE_STANDARD = "gnu++0x";
				CLANG_CXX_LIBRARY = "libc++";
				CLANG_ENABLE_MODULES = YES;
				CLANG_ENABLE_OBJC_ARC = YES;
				CLANG_WARN_BOOL_CONVERSION = YES;
				CLANG_WARN_CONSTANT_CONVERSION = YES;
				CLANG_WARN_DIRECT_OBJC_ISA_USAGE = YES_ERROR;
				CLANG_WARN_EMPTY_BODY = YES;
				CLANG_WARN_ENUM_CONVERSION = YES;
				CLANG_WARN_INT_CONVERSION = YES;
				CLANG_WARN_OBJC_ROOT_CLASS = YES_ERROR;
				CLANG_WARN_UNREACHABLE_CODE = YES;
				CLANG_WARN__DUPLICATE_METHOD_MATCH = YES;
				"CODE_SIGN_IDENTITY[sdk=iphoneos*]" = "iPhone Developer";
				COPY_PHASE_STRIP = NO;
				DEBUG_INFORMATION_FORMAT = "dwarf-with-dsym";
				ENABLE_NS_ASSERTIONS = NO;
				ENABLE_STRICT_OBJC_MSGSEND = YES;
				GCC_C_LANGUAGE_STANDARD = gnu99;
				GCC_NO_COMMON_BLOCKS = YES;
				GCC_WARN_64_TO_32_BIT_CONVERSION = YES;
				GCC_WARN_ABOUT_RETURN_TYPE = YES_ERROR;
				GCC_WARN_UNDECLARED_SELECTOR = YES;
				GCC_WARN_UNINITIALIZED_AUTOS = YES_AGGRESSIVE;
				GCC_WARN_UNUSED_FUNCTION = YES;
				GCC_WARN_UNUSED_VARIABLE = YES;
				IPHONEOS_DEPLOYMENT_TARGET = 9.3;
				MTL_ENABLE_DEBUG_INFO = NO;
				SDKROOT = iphoneos;
				VALIDATE_PRODUCT = YES;
			};
			name = Release;
		};
		97A5F23F1D669C9900AB64DC /* Debug */ = {
			isa = XCBuildConfiguration;
			baseConfigurationReference = E51699B9BE22301862B9037C /* Pods-iotapp.debug.xcconfig */;
			buildSettings = {
				ASSETCATALOG_COMPILER_APPICON_NAME = AppIcon;
				CODE_SIGN_IDENTITY = "iPhone Developer";
				INFOPLIST_FILE = iotapp/Info.plist;
				LD_RUNPATH_SEARCH_PATHS = "$(inherited) @executable_path/Frameworks";
				PRODUCT_BUNDLE_IDENTIFIER = com.cht.iot.iotapp;
				PRODUCT_NAME = "$(TARGET_NAME)";
			};
			name = Debug;
		};
		97A5F2401D669C9900AB64DC /* Release */ = {
			isa = XCBuildConfiguration;
			baseConfigurationReference = 2E336FA114B1E4D1CD77A9DD /* Pods-iotapp.release.xcconfig */;
			buildSettings = {
				ASSETCATALOG_COMPILER_APPICON_NAME = AppIcon;
				CODE_SIGN_IDENTITY = "iPhone Developer";
				INFOPLIST_FILE = iotapp/Info.plist;
				LD_RUNPATH_SEARCH_PATHS = "$(inherited) @executable_path/Frameworks";
				PRODUCT_BUNDLE_IDENTIFIER = com.cht.iot.iotapp;
				PRODUCT_NAME = "$(TARGET_NAME)";
			};
			name = Release;
		};
/* End XCBuildConfiguration section */

/* Begin XCConfigurationList section */
		97A5F21F1D669C9800AB64DC /* Build configuration list for PBXProject "iotapp" */ = {
			isa = XCConfigurationList;
			buildConfigurations = (
				97A5F23C1D669C9900AB64DC /* Debug */,
				97A5F23D1D669C9900AB64DC /* Release */,
			);
			defaultConfigurationIsVisible = 0;
			defaultConfigurationName = Release;
		};
		97A5F23E1D669C9900AB64DC /* Build configuration list for PBXNativeTarget "iotapp" */ = {
			isa = XCConfigurationList;
			buildConfigurations = (
				97A5F23F1D669C9900AB64DC /* Debug */,
				97A5F2401D669C9900AB64DC /* Release */,
			);
			defaultConfigurationIsVisible = 0;
			defaultConfigurationName = Release;
		};
/* End XCConfigurationList section */

/* Begin XCVersionGroup section */
		97A5F2331D669C9900AB64DC /* iotapp.xcdatamodeld */ = {
			isa = XCVersionGroup;
			children = (
				97A5F2341D669C9900AB64DC /* iotapp.xcdatamodel */,
			);
			currentVersion = 97A5F2341D669C9900AB64DC /* iotapp.xcdatamodel */;
			path = iotapp.xcdatamodeld;
			sourceTree = "<group>";
			versionGroupType = wrapper.xcdatamodel;
		};
/* End XCVersionGroup section */
	};
	rootObject = 97A5F21C1D669C9800AB64DC /* Project object */;
}
